
Microsoft Visual Studio Solution File, Format Version 12.00
# Visual Studio Version 17
VisualStudioVersion = 17.14.36119.2 d17.14
MinimumVisualStudioVersion = 10.0.40219.1
Project("{FAE04EC0-301F-11D3-BF4B-00C04F79EFBC}") = "WebAPI-ASP-NET-Core", "WebAPI-ASP-NET-Core\WebAPI-ASP-NET-Core.csproj", "{AE644F0C-725A-4868-A94F-11180DB357EF}"
EndProject
Global
	GlobalSection(SolutionConfigurationPlatforms) = preSolution
		Debug|Any CPU = Debug|Any CPU
		Release|Any CPU = Release|Any CPU
	EndGlobalSection
	GlobalSection(ProjectConfigurationPlatforms) = postSolution
		{AE644F0C-725A-4868-A94F-11180DB357EF}.Debug|Any CPU.ActiveCfg = Debug|Any CPU
		{AE644F0C-725A-4868-A94F-11180DB357EF}.Debug|Any CPU.Build.0 = Debug|Any CPU
		{AE644F0C-725A-4868-A94F-11180DB357EF}.Release|Any CPU.ActiveCfg = Release|Any CPU
		{AE644F0C-725A-4868-A94F-11180DB357EF}.Release|Any CPU.Build.0 = Release|Any CPU
	EndGlobalSection
	GlobalSection(SolutionProperties) = preSolution
		HideSolutionNode = FALSE
	EndGlobalSection
	GlobalSection(ExtensibilityGlobals) = postSolution
		SolutionGuid = {7BB5A8F4-87AC-4D70-89E2-6A003D0094D1}
	EndGlobalSection
EndGlobal
