
Microsoft Visual Studio Solution File, Format Version 12.00
# Visual Studio Version 17
VisualStudioVersion = 17.14.36119.2 d17.14
MinimumVisualStudioVersion = 10.0.40219.1
Project("{FAE04EC0-301F-11D3-BF4B-00C04F79EFBC}") = "formularioDeCadastro", "formularioDeCadastro\formularioDeCadastro.csproj", "{42546750-8277-48FF-8F7B-65B55DBBC142}"
EndProject
Global
	GlobalSection(SolutionConfigurationPlatforms) = preSolution
		Debug|Any CPU = Debug|Any CPU
		Release|Any CPU = Release|Any CPU
	EndGlobalSection
	GlobalSection(ProjectConfigurationPlatforms) = postSolution
		{42546750-8277-48FF-8F7B-65B55DBBC142}.Debug|Any CPU.ActiveCfg = Debug|Any CPU
		{42546750-8277-48FF-8F7B-65B55DBBC142}.Debug|Any CPU.Build.0 = Debug|Any CPU
		{42546750-8277-48FF-8F7B-65B55DBBC142}.Release|Any CPU.ActiveCfg = Release|Any CPU
		{42546750-8277-48FF-8F7B-65B55DBBC142}.Release|Any CPU.Build.0 = Release|Any CPU
	EndGlobalSection
	GlobalSection(SolutionProperties) = preSolution
		HideSolutionNode = FALSE
	EndGlobalSection
	GlobalSection(ExtensibilityGlobals) = postSolution
		SolutionGuid = {5AC3CA68-5956-4384-AF0A-8A3100F263F3}
	EndGlobalSection
EndGlobal
